// !$*UTF8*$!
{
	archiveVersion = 1;
	classes = {
	};
	objectVersion = 46;
	objects = {

/* Begin PBXBuildFile section */
		1ADE36441CFA0AEE00532B46 /* AppDelegate.swift in Sources */ = {isa = PBXBuildFile; fileRef = 1ADE36431CFA0AEE00532B46 /* AppDelegate.swift */; };
		1ADE36461CFA0AEE00532B46 /* ViewController.swift in Sources */ = {isa = PBXBuildFile; fileRef = 1ADE36451CFA0AEE00532B46 /* ViewController.swift */; };
		1ADE36491CFA0AEE00532B46 /* Main.storyboard in Resources */ = {isa = PBXBuildFile; fileRef = 1ADE36471CFA0AEE00532B46 /* Main.storyboard */; };
		1ADE364B1CFA0AEE00532B46 /* Assets.xcassets in Resources */ = {isa = PBXBuildFile; fileRef = 1ADE364A1CFA0AEE00532B46 /* Assets.xcassets */; };
		1ADE364E1CFA0AEE00532B46 /* LaunchScreen.storyboard in Resources */ = {isa = PBXBuildFile; fileRef = 1ADE364C1CFA0AEE00532B46 /* LaunchScreen.storyboard */; };
		1ADE36591CFA0AEE00532B46 /* On_The_ClockTests.swift in Sources */ = {isa = PBXBuildFile; fileRef = 1ADE36581CFA0AEE00532B46 /* On_The_ClockTests.swift */; };
		1ADE36641CFA0AEE00532B46 /* On_The_ClockUITests.swift in Sources */ = {isa = PBXBuildFile; fileRef = 1ADE36631CFA0AEE00532B46 /* On_The_ClockUITests.swift */; };
/* End PBXBuildFile section */

/* Begin PBXContainerItemProxy section */
		1ADE36551CFA0AEE00532B46 /* PBXContainerItemProxy */ = {
			isa = PBXContainerItemProxy;
			containerPortal = 1ADE36381CFA0AEE00532B46 /* Project object */;
			proxyType = 1;
			remoteGlobalIDString = 1ADE363F1CFA0AEE00532B46;
			remoteInfo = "On The Clock";
		};
		1ADE36601CFA0AEE00532B46 /* PBXContainerItemProxy */ = {
			isa = PBXContainerItemProxy;
			containerPortal = 1ADE36381CFA0AEE00532B46 /* Project object */;
			proxyType = 1;
			remoteGlobalIDString = 1ADE363F1CFA0AEE00532B46;
			remoteInfo = "On The Clock";
		};
/* End PBXContainerItemProxy section */

/* Begin PBXFileReference section */
		1ADE36401CFA0AEE00532B46 /* On The Clock.app */ = {isa = PBXFileReference; explicitFileType = wrapper.application; includeInIndex = 0; path = "On The Clock.app"; sourceTree = BUILT_PRODUCTS_DIR; };
		1ADE36431CFA0AEE00532B46 /* AppDelegate.swift */ = {isa = PBXFileReference; lastKnownFileType = sourcecode.swift; path = AppDelegate.swift; sourceTree = "<group>"; };
		1ADE36451CFA0AEE00532B46 /* ViewController.swift */ = {isa = PBXFileReference; lastKnownFileType = sourcecode.swift; path = ViewController.swift; sourceTree = "<group>"; };
		1ADE36481CFA0AEE00532B46 /* Base */ = {isa = PBXFileReference; lastKnownFileType = file.storyboard; name = Base; path = Base.lproj/Main.storyboard; sourceTree = "<group>"; };
		1ADE364A1CFA0AEE00532B46 /* Assets.xcassets */ = {isa = PBXFileReference; lastKnownFileType = folder.assetcatalog; path = Assets.xcassets; sourceTree = "<group>"; };
		1ADE364D1CFA0AEE00532B46 /* Base */ = {isa = PBXFileReference; lastKnownFileType = file.storyboard; name = Base; path = Base.lproj/LaunchScreen.storyboard; sourceTree = "<group>"; };
		1ADE364F1CFA0AEE00532B46 /* Info.plist */ = {isa = PBXFileReference; lastKnownFileType = text.plist.xml; path = Info.plist; sourceTree = "<group>"; };
		1ADE36541CFA0AEE00532B46 /* On The ClockTests.xctest */ = {isa = PBXFileReference; explicitFileType = wrapper.cfbundle; includeInIndex = 0; path = "On The ClockTests.xctest"; sourceTree = BUILT_PRODUCTS_DIR; };
		1ADE36581CFA0AEE00532B46 /* On_The_ClockTests.swift */ = {isa = PBXFileReference; lastKnownFileType = sourcecode.swift; path = On_The_ClockTests.swift; sourceTree = "<group>"; };
		1ADE365A1CFA0AEE00532B46 /* Info.plist */ = {isa = PBXFileReference; lastKnownFileType = text.plist.xml; path = Info.plist; sourceTree = "<group>"; };
		1ADE365F1CFA0AEE00532B46 /* On The ClockUITests.xctest */ = {isa = PBXFileReference; explicitFileType = wrapper.cfbundle; includeInIndex = 0; path = "On The ClockUITests.xctest"; sourceTree = BUILT_PRODUCTS_DIR; };
		1ADE36631CFA0AEE00532B46 /* On_The_ClockUITests.swift */ = {isa = PBXFileReference; lastKnownFileType = sourcecode.swift; path = On_The_ClockUITests.swift; sourceTree = "<group>"; };
		1ADE36651CFA0AEE00532B46 /* Info.plist */ = {isa = PBXFileReference; lastKnownFileType = text.plist.xml; path = Info.plist; sourceTree = "<group>"; };
/* End PBXFileReference section */

/* Begin PBXFrameworksBuildPhase section */
		1ADE363D1CFA0AEE00532B46 /* Frameworks */ = {
			isa = PBXFrameworksBuildPhase;
			buildActionMask = 2147483647;
			files = (
			);
			runOnlyForDeploymentPostprocessing = 0;
		};
		1ADE36511CFA0AEE00532B46 /* Frameworks */ = {
			isa = PBXFrameworksBuildPhase;
			buildActionMask = 2147483647;
			files = (
			);
			runOnlyForDeploymentPostprocessing = 0;
		};
		1ADE365C1CFA0AEE00532B46 /* Frameworks */ = {
			isa = PBXFrameworksBuildPhase;
			buildActionMask = 2147483647;
			files = (
			);
			runOnlyForDeploymentPostprocessing = 0;
		};
/* End PBXFrameworksBuildPhase section */

/* Begin PBXGroup section */
		1ADE36371CFA0AEE00532B46 = {
			isa = PBXGroup;
			children = (
				1ADE36421CFA0AEE00532B46 /* On The Clock */,
				1ADE36571CFA0AEE00532B46 /* On The ClockTests */,
				1ADE36621CFA0AEE00532B46 /* On The ClockUITests */,
				1ADE36411CFA0AEE00532B46 /* Products */,
			);
			sourceTree = "<group>";
		};
		1ADE36411CFA0AEE00532B46 /* Products */ = {
			isa = PBXGroup;
			children = (
				1ADE36401CFA0AEE00532B46 /* On The Clock.app */,
				1ADE36541CFA0AEE00532B46 /* On The ClockTests.xctest */,
				1ADE365F1CFA0AEE00532B46 /* On The ClockUITests.xctest */,
			);
			name = Products;
			sourceTree = "<group>";
		};
		1ADE36421CFA0AEE00532B46 /* On The Clock */ = {
			isa = PBXGroup;
			children = (
				1ADE36431CFA0AEE00532B46 /* AppDelegate.swift */,
				1ADE36451CFA0AEE00532B46 /* ViewController.swift */,
				1ADE36471CFA0AEE00532B46 /* Main.storyboard */,
				1ADE364A1CFA0AEE00532B46 /* Assets.xcassets */,
				1ADE364C1CFA0AEE00532B46 /* LaunchScreen.storyboard */,
				1ADE364F1CFA0AEE00532B46 /* Info.plist */,
			);
			path = "On The Clock";
			sourceTree = "<group>";
		};
		1ADE36571CFA0AEE00532B46 /* On The ClockTests */ = {
			isa = PBXGroup;
			children = (
				1ADE36581CFA0AEE00532B46 /* On_The_ClockTests.swift */,
				1ADE365A1CFA0AEE00532B46 /* Info.plist */,
			);
			path = "On The ClockTests";
			sourceTree = "<group>";
		};
		1ADE36621CFA0AEE00532B46 /* On The ClockUITests */ = {
			isa = PBXGroup;
			children = (
				1ADE36631CFA0AEE00532B46 /* On_The_ClockUITests.swift */,
				1ADE36651CFA0AEE00532B46 /* Info.plist */,
			);
			path = "On The ClockUITests";
			sourceTree = "<group>";
		};
/* End PBXGroup section */

/* Begin PBXNativeTarget section */
		1ADE363F1CFA0AEE00532B46 /* On The Clock */ = {
			isa = PBXNativeTarget;
			buildConfigurationList = 1ADE36681CFA0AEE00532B46 /* Build configuration list for PBXNativeTarget "On The Clock" */;
			buildPhases = (
				1ADE363C1CFA0AEE00532B46 /* Sources */,
				1ADE363D1CFA0AEE00532B46 /* Frameworks */,
				1ADE363E1CFA0AEE00532B46 /* Resources */,
			);
			buildRules = (
			);
			dependencies = (
			);
			name = "On The Clock";
			productName = "On The Clock";
			productReference = 1ADE36401CFA0AEE00532B46 /* On The Clock.app */;
			productType = "com.apple.product-type.application";
		};
		1ADE36531CFA0AEE00532B46 /* On The ClockTests */ = {
			isa = PBXNativeTarget;
			buildConfigurationList = 1ADE366B1CFA0AEE00532B46 /* Build configuration list for PBXNativeTarget "On The ClockTests" */;
			buildPhases = (
				1ADE36501CFA0AEE00532B46 /* Sources */,
				1ADE36511CFA0AEE00532B46 /* Frameworks */,
				1ADE36521CFA0AEE00532B46 /* Resources */,
			);
			buildRules = (
			);
			dependencies = (
				1ADE36561CFA0AEE00532B46 /* PBXTargetDependency */,
			);
			name = "On The ClockTests";
			productName = "On The ClockTests";
			productReference = 1ADE36541CFA0AEE00532B46 /* On The ClockTests.xctest */;
			productType = "com.apple.product-type.bundle.unit-test";
		};
		1ADE365E1CFA0AEE00532B46 /* On The ClockUITests */ = {
			isa = PBXNativeTarget;
			buildConfigurationList = 1ADE366E1CFA0AEE00532B46 /* Build configuration list for PBXNativeTarget "On The ClockUITests" */;
			buildPhases = (
				1ADE365B1CFA0AEE00532B46 /* Sources */,
				1ADE365C1CFA0AEE00532B46 /* Frameworks */,
				1ADE365D1CFA0AEE00532B46 /* Resources */,
			);
			buildRules = (
			);
			dependencies = (
				1ADE36611CFA0AEE00532B46 /* PBXTargetDependency */,
			);
			name = "On The ClockUITests";
			productName = "On The ClockUITests";
			productReference = 1ADE365F1CFA0AEE00532B46 /* On The ClockUITests.xctest */;
			productType = "com.apple.product-type.bundle.ui-testing";
		};
/* End PBXNativeTarget section */

/* Begin PBXProject section */
		1ADE36381CFA0AEE00532B46 /* Project object */ = {
			isa = PBXProject;
			attributes = {
				LastSwiftUpdateCheck = 0730;
				LastUpgradeCheck = 0730;
				ORGANIZATIONNAME = "Matt Gioe";
				TargetAttributes = {
					1ADE363F1CFA0AEE00532B46 = {
						CreatedOnToolsVersion = 7.3.1;
					};
					1ADE36531CFA0AEE00532B46 = {
						CreatedOnToolsVersion = 7.3.1;
						TestTargetID = 1ADE363F1CFA0AEE00532B46;
					};
					1ADE365E1CFA0AEE00532B46 = {
						CreatedOnToolsVersion = 7.3.1;
						TestTargetID = 1ADE363F1CFA0AEE00532B46;
					};
				};
			};
			buildConfigurationList = 1ADE363B1CFA0AEE00532B46 /* Build configuration list for PBXProject "On The Clock" */;
			compatibilityVersion = "Xcode 3.2";
			developmentRegion = English;
			hasScannedForEncodings = 0;
			knownRegions = (
				en,
				Base,
			);
			mainGroup = 1ADE36371CFA0AEE00532B46;
			productRefGroup = 1ADE36411CFA0AEE00532B46 /* Products */;
			projectDirPath = "";
			projectRoot = "";
			targets = (
				1ADE363F1CFA0AEE00532B46 /* On The Clock */,
				1ADE36531CFA0AEE00532B46 /* On The ClockTests */,
				1ADE365E1CFA0AEE00532B46 /* On The ClockUITests */,
			);
		};
/* End PBXProject section */

/* Begin PBXResourcesBuildPhase section */
		1ADE363E1CFA0AEE00532B46 /* Resources */ = {
			isa = PBXResourcesBuildPhase;
			buildActionMask = 2147483647;
			files = (
				1ADE364E1CFA0AEE00532B46 /* LaunchScreen.storyboard in Resources */,
				1ADE364B1CFA0AEE00532B46 /* Assets.xcassets in Resources */,
				1ADE36491CFA0AEE00532B46 /* Main.storyboard in Resources */,
			);
			runOnlyForDeploymentPostprocessing = 0;
		};
		1ADE36521CFA0AEE00532B46 /* Resources */ = {
			isa = PBXResourcesBuildPhase;
			buildActionMask = 2147483647;
			files = (
			);
			runOnlyForDeploymentPostprocessing = 0;
		};
		1ADE365D1CFA0AEE00532B46 /* Resources */ = {
			isa = PBXResourcesBuildPhase;
			buildActionMask = 2147483647;
			files = (
			);
			runOnlyForDeploymentPostprocessing = 0;
		};
/* End PBXResourcesBuildPhase section */

/* Begin PBXSourcesBuildPhase section */
		1ADE363C1CFA0AEE00532B46 /* Sources */ = {
			isa = PBXSourcesBuildPhase;
			buildActionMask = 2147483647;
			files = (
				1ADE36461CFA0AEE00532B46 /* ViewController.swift in Sources */,
				1ADE36441CFA0AEE00532B46 /* AppDelegate.swift in Sources */,
			);
			runOnlyForDeploymentPostprocessing = 0;
		};
		1ADE36501CFA0AEE00532B46 /* Sources */ = {
			isa = PBXSourcesBuildPhase;
			buildActionMask = 2147483647;
			files = (
				1ADE36591CFA0AEE00532B46 /* On_The_ClockTests.swift in Sources */,
			);
			runOnlyForDeploymentPostprocessing = 0;
		};
		1ADE365B1CFA0AEE00532B46 /* Sources */ = {
			isa = PBXSourcesBuildPhase;
			buildActionMask = 2147483647;
			files = (
				1ADE36641CFA0AEE00532B46 /* On_The_ClockUITests.swift in Sources */,
			);
			runOnlyForDeploymentPostprocessing = 0;
		};
/* End PBXSourcesBuildPhase section */

/* Begin PBXTargetDependency section */
		1ADE36561CFA0AEE00532B46 /* PBXTargetDependency */ = {
			isa = PBXTargetDependency;
			target = 1ADE363F1CFA0AEE00532B46 /* On The Clock */;
			targetProxy = 1ADE36551CFA0AEE00532B46 /* PBXContainerItemProxy */;
		};
		1ADE36611CFA0AEE00532B46 /* PBXTargetDependency */ = {
			isa = PBXTargetDependency;
			target = 1ADE363F1CFA0AEE00532B46 /* On The Clock */;
			targetProxy = 1ADE36601CFA0AEE00532B46 /* PBXContainerItemProxy */;
		};
/* End PBXTargetDependency section */

/* Begin PBXVariantGroup section */
		1ADE36471CFA0AEE00532B46 /* Main.storyboard */ = {
			isa = PBXVariantGroup;
			children = (
				1ADE36481CFA0AEE00532B46 /* Base */,
			);
			name = Main.storyboard;
			sourceTree = "<group>";
		};
		1ADE364C1CFA0AEE00532B46 /* LaunchScreen.storyboard */ = {
			isa = PBXVariantGroup;
			children = (
				1ADE364D1CFA0AEE00532B46 /* Base */,
			);
			name = LaunchScreen.storyboard;
			sourceTree = "<group>";
		};
/* End PBXVariantGroup section */

/* Begin XCBuildConfiguration section */
		1ADE36661CFA0AEE00532B46 /* Debug */ = {
			isa = XCBuildConfiguration;
			buildSettings = {
				ALWAYS_SEARCH_USER_PATHS = NO;
				CLANG_ANALYZER_NONNULL = YES;
				CLANG_CXX_LANGUAGE_STANDARD = "gnu++0x";
				CLANG_CXX_LIBRARY = "libc++";
				CLANG_ENABLE_MODULES = YES;
				CLANG_ENABLE_OBJC_ARC = YES;
				CLANG_WARN_BOOL_CONVERSION = YES;
				CLANG_WARN_CONSTANT_CONVERSION = YES;
				CLANG_WARN_DIRECT_OBJC_ISA_USAGE = YES_ERROR;
				CLANG_WARN_EMPTY_BODY = YES;
				CLANG_WARN_ENUM_CONVERSION = YES;
				CLANG_WARN_INT_CONVERSION = YES;
				CLANG_WARN_OBJC_ROOT_CLASS = YES_ERROR;
				CLANG_WARN_UNREACHABLE_CODE = YES;
				CLANG_WARN__DUPLICATE_METHOD_MATCH = YES;
				"CODE_SIGN_IDENTITY[sdk=iphoneos*]" = "iPhone Developer";
				COPY_PHASE_STRIP = NO;
				DEBUG_INFORMATION_FORMAT = dwarf;
				ENABLE_STRICT_OBJC_MSGSEND = YES;
				ENABLE_TESTABILITY = YES;
				GCC_C_LANGUAGE_STANDARD = gnu99;
				GCC_DYNAMIC_NO_PIC = NO;
				GCC_NO_COMMON_BLOCKS = YES;
				GCC_OPTIMIZATION_LEVEL = 0;
				GCC_PREPROCESSOR_DEFINITIONS = (
					"DEBUG=1",
					"$(inherited)",
				);
				GCC_WARN_64_TO_32_BIT_CONVERSION = YES;
				GCC_WARN_ABOUT_RETURN_TYPE = YES_ERROR;
				GCC_WARN_UNDECLARED_SELECTOR = YES;
				GCC_WARN_UNINITIALIZED_AUTOS = YES_AGGRESSIVE;
				GCC_WARN_UNUSED_FUNCTION = YES;
				GCC_WARN_UNUSED_VARIABLE = YES;
				IPHONEOS_DEPLOYMENT_TARGET = 9.3;
				MTL_ENABLE_DEBUG_INFO = YES;
				ONLY_ACTIVE_ARCH = YES;
				SDKROOT = iphoneos;
				SWIFT_OPTIMIZATION_LEVEL = "-Onone";
				TARGETED_DEVICE_FAMILY = "1,2";
			};
			name = Debug;
		};
		1ADE36671CFA0AEE00532B46 /* Release */ = {
			isa = XCBuildConfiguration;
			buildSettings = {
				ALWAYS_SEARCH_USER_PATHS = NO;
				CLANG_ANALYZER_NONNULL = YES;
				CLANG_CXX_LANGUAGE_STANDARD = "gnu++0x";
				CLANG_CXX_LIBRARY = "libc++";
				CLANG_ENABLE_MODULES = YES;
				CLANG_ENABLE_OBJC_ARC = YES;
				CLANG_WARN_BOOL_CONVERSION = YES;
				CLANG_WARN_CONSTANT_CONVERSION = YES;
				CLANG_WARN_DIRECT_OBJC_ISA_USAGE = YES_ERROR;
				CLANG_WARN_EMPTY_BODY = YES;
				CLANG_WARN_ENUM_CONVERSION = YES;
				CLANG_WARN_INT_CONVERSION = YES;
				CLANG_WARN_OBJC_ROOT_CLASS = YES_ERROR;
				CLANG_WARN_UNREACHABLE_CODE = YES;
				CLANG_WARN__DUPLICATE_METHOD_MATCH = YES;
				"CODE_SIGN_IDENTITY[sdk=iphoneos*]" = "iPhone Developer";
				COPY_PHASE_STRIP = NO;
				DEBUG_INFORMATION_FORMAT = "dwarf-with-dsym";
				ENABLE_NS_ASSERTIONS = NO;
				ENABLE_STRICT_OBJC_MSGSEND = YES;
				GCC_C_LANGUAGE_STANDARD = gnu99;
				GCC_NO_COMMON_BLOCKS = YES;
				GCC_WARN_64_TO_32_BIT_CONVERSION = YES;
				GCC_WARN_ABOUT_RETURN_TYPE = YES_ERROR;
				GCC_WARN_UNDECLARED_SELECTOR = YES;
				GCC_WARN_UNINITIALIZED_AUTOS = YES_AGGRESSIVE;
				GCC_WARN_UNUSED_FUNCTION = YES;
				GCC_WARN_UNUSED_VARIABLE = YES;
				IPHONEOS_DEPLOYMENT_TARGET = 9.3;
				MTL_ENABLE_DEBUG_INFO = NO;
				SDKROOT = iphoneos;
				TARGETED_DEVICE_FAMILY = "1,2";
				VALIDATE_PRODUCT = YES;
			};
			name = Release;
		};
		1ADE36691CFA0AEE00532B46 /* Debug */ = {
			isa = XCBuildConfiguration;
			buildSettings = {
				ASSETCATALOG_COMPILER_APPICON_NAME = AppIcon;
				INFOPLIST_FILE = "On The Clock/Info.plist";
				LD_RUNPATH_SEARCH_PATHS = "$(inherited) @executable_path/Frameworks";
				PRODUCT_BUNDLE_IDENTIFIER = "MWG.On-The-Clock";
				PRODUCT_NAME = "$(TARGET_NAME)";
			};
			name = Debug;
		};
		1ADE366A1CFA0AEE00532B46 /* Release */ = {
			isa = XCBuildConfiguration;
			buildSettings = {
				ASSETCATALOG_COMPILER_APPICON_NAME = AppIcon;
				INFOPLIST_FILE = "On The Clock/Info.plist";
				LD_RUNPATH_SEARCH_PATHS = "$(inherited) @executable_path/Frameworks";
				PRODUCT_BUNDLE_IDENTIFIER = "MWG.On-The-Clock";
				PRODUCT_NAME = "$(TARGET_NAME)";
			};
			name = Release;
		};
		1ADE366C1CFA0AEE00532B46 /* Debug */ = {
			isa = XCBuildConfiguration;
			buildSettings = {
				BUNDLE_LOADER = "$(TEST_HOST)";
				INFOPLIST_FILE = "On The ClockTests/Info.plist";
				LD_RUNPATH_SEARCH_PATHS = "$(inherited) @executable_path/Frameworks @loader_path/Frameworks";
				PRODUCT_BUNDLE_IDENTIFIER = "MWG.On-The-ClockTests";
				PRODUCT_NAME = "$(TARGET_NAME)";
				TEST_HOST = "$(BUILT_PRODUCTS_DIR)/On The Clock.app/On The Clock";
			};
			name = Debug;
		};
		1ADE366D1CFA0AEE00532B46 /* Release */ = {
			isa = XCBuildConfiguration;
			buildSettings = {
				BUNDLE_LOADER = "$(TEST_HOST)";
				INFOPLIST_FILE = "On The ClockTests/Info.plist";
				LD_RUNPATH_SEARCH_PATHS = "$(inherited) @executable_path/Frameworks @loader_path/Frameworks";
				PRODUCT_BUNDLE_IDENTIFIER = "MWG.On-The-ClockTests";
				PRODUCT_NAME = "$(TARGET_NAME)";
				TEST_HOST = "$(BUILT_PRODUCTS_DIR)/On The Clock.app/On The Clock";
			};
			name = Release;
		};
		1ADE366F1CFA0AEE00532B46 /* Debug */ = {
			isa = XCBuildConfiguration;
			buildSettings = {
				INFOPLIST_FILE = "On The ClockUITests/Info.plist";
				LD_RUNPATH_SEARCH_PATHS = "$(inherited) @executable_path/Frameworks @loader_path/Frameworks";
				PRODUCT_BUNDLE_IDENTIFIER = "MWG.On-The-ClockUITests";
				PRODUCT_NAME = "$(TARGET_NAME)";
				TEST_TARGET_NAME = "On The Clock";
			};
			name = Debug;
		};
		1ADE36701CFA0AEE00532B46 /* Release */ = {
			isa = XCBuildConfiguration;
			buildSettings = {
				INFOPLIST_FILE = "On The ClockUITests/Info.plist";
				LD_RUNPATH_SEARCH_PATHS = "$(inherited) @executable_path/Frameworks @loader_path/Frameworks";
				PRODUCT_BUNDLE_IDENTIFIER = "MWG.On-The-ClockUITests";
				PRODUCT_NAME = "$(TARGET_NAME)";
				TEST_TARGET_NAME = "On The Clock";
			};
			name = Release;
		};
/* End XCBuildConfiguration section */

/* Begin XCConfigurationList section */
		1ADE363B1CFA0AEE00532B46 /* Build configuration list for PBXProject "On The Clock" */ = {
			isa = XCConfigurationList;
			buildConfigurations = (
				1ADE36661CFA0AEE00532B46 /* Debug */,
				1ADE36671CFA0AEE00532B46 /* Release */,
			);
			defaultConfigurationIsVisible = 0;
			defaultConfigurationName = Release;
		};
		1ADE36681CFA0AEE00532B46 /* Build configuration list for PBXNativeTarget "On The Clock" */ = {
			isa = XCConfigurationList;
			buildConfigurations = (
				1ADE36691CFA0AEE00532B46 /* Debug */,
				1ADE366A1CFA0AEE00532B46 /* Release */,
			);
			defaultConfigurationIsVisible = 0;
		};
		1ADE366B1CFA0AEE00532B46 /* Build configuration list for PBXNativeTarget "On The ClockTests" */ = {
			isa = XCConfigurationList;
			buildConfigurations = (
				1ADE366C1CFA0AEE00532B46 /* Debug */,
				1ADE366D1CFA0AEE00532B46 /* Release */,
			);
			defaultConfigurationIsVisible = 0;
		};
		1ADE366E1CFA0AEE00532B46 /* Build configuration list for PBXNativeTarget "On The ClockUITests" */ = {
			isa = XCConfigurationList;
			buildConfigurations = (
				1ADE366F1CFA0AEE00532B46 /* Debug */,
				1ADE36701CFA0AEE00532B46 /* Release */,
			);
			defaultConfigurationIsVisible = 0;
		};
/* End XCConfigurationList section */
	};
	rootObject = 1ADE36381CFA0AEE00532B46 /* Project object */;
}
