// !$*UTF8*$!
{
	archiveVersion = 1;
	classes = {
	};
	objectVersion = 46;
	objects = {

/* Begin PBXBuildFile section */
		1A2A79481CFCA5FB00713C18 /* HourlyTableView.swift in Sources */ = {isa = PBXBuildFile; fileRef = 1A2A79471CFCA5FB00713C18 /* HourlyTableView.swift */; };
		1A4FCB011D00D1A2002A9CBC /* JobDataModel.xcdatamodeld in Sources */ = {isa = PBXBuildFile; fileRef = 1A4FCAFF1D00D1A2002A9CBC /* JobDataModel.xcdatamodeld */; };
		1AA1F6851CFDDF0D005A1277 /* IntroViewController.swift in Sources */ = {isa = PBXBuildFile; fileRef = 1AA1F6841CFDDF0D005A1277 /* IntroViewController.swift */; };
		1AA1F68F1CFDE597005A1277 /* JobModel.swift in Sources */ = {isa = PBXBuildFile; fileRef = 1AA1F68E1CFDE597005A1277 /* JobModel.swift */; };
		1AA1F6931CFDFB86005A1277 /* JobTableViewCellViewModel.swift in Sources */ = {isa = PBXBuildFile; fileRef = 1AA1F6921CFDFB86005A1277 /* JobTableViewCellViewModel.swift */; };
		1AA1F6981CFE0D21005A1277 /* JobTableViewCell.xib in Resources */ = {isa = PBXBuildFile; fileRef = 1AA1F6971CFE0D21005A1277 /* JobTableViewCell.xib */; };
		1AA1F69C1CFE140D005A1277 /* JobTableViewCell.swift in Sources */ = {isa = PBXBuildFile; fileRef = 1AA1F69B1CFE140D005A1277 /* JobTableViewCell.swift */; };
		1ADAD1311CFF385C007DF28C /* Main.storyboard in Resources */ = {isa = PBXBuildFile; fileRef = 1AA1F68C1CFDE001005A1277 /* Main.storyboard */; };
		1ADAD1331CFF553F007DF28C /* AddJobViewController.swift in Sources */ = {isa = PBXBuildFile; fileRef = 1ADAD1321CFF553F007DF28C /* AddJobViewController.swift */; };
		1ADE36591CFA0AEE00532B46 /* On_The_ClockTests.swift in Sources */ = {isa = PBXBuildFile; fileRef = 1ADE36581CFA0AEE00532B46 /* On_The_ClockTests.swift */; };
		1ADE36641CFA0AEE00532B46 /* On_The_ClockUITests.swift in Sources */ = {isa = PBXBuildFile; fileRef = 1ADE36631CFA0AEE00532B46 /* On_The_ClockUITests.swift */; };
		1ADE36761CFA146100532B46 /* PaymentGeneratorTests.swift in Sources */ = {isa = PBXBuildFile; fileRef = 1ADE36751CFA146100532B46 /* PaymentGeneratorTests.swift */; };
		1ADE36891CFA169400532B46 /* AppDelegate.swift in Sources */ = {isa = PBXBuildFile; fileRef = 1ADE36831CFA169400532B46 /* AppDelegate.swift */; };
		1ADE368A1CFA169400532B46 /* Assets.xcassets in Resources */ = {isa = PBXBuildFile; fileRef = 1ADE36841CFA169400532B46 /* Assets.xcassets */; };
		1ADE368C1CFA169400532B46 /* Info.plist in Resources */ = {isa = PBXBuildFile; fileRef = 1ADE36861CFA169400532B46 /* Info.plist */; };
		1ADE368D1CFA169400532B46 /* PaymentGeneratorModel.swift in Sources */ = {isa = PBXBuildFile; fileRef = 1ADE36871CFA169400532B46 /* PaymentGeneratorModel.swift */; };
		1ADE36901CFA243D00532B46 /* StopWatchModel.swift in Sources */ = {isa = PBXBuildFile; fileRef = 1ADE368F1CFA243D00532B46 /* StopWatchModel.swift */; };
		1ADE36921CFA26B900532B46 /* StopWatchTests.swift in Sources */ = {isa = PBXBuildFile; fileRef = 1ADE36911CFA26B900532B46 /* StopWatchTests.swift */; };
		51D352D07C2F190321C940F0 /* Pods_On_The_ClockTests.framework in Frameworks */ = {isa = PBXBuildFile; fileRef = C9AD318657DF9816D29D7C41 /* Pods_On_The_ClockTests.framework */; };
		6DB2F10CD2AE25BA4FB88824 /* Pods_On_The_ClockUITests.framework in Frameworks */ = {isa = PBXBuildFile; fileRef = 5BE850828DBC78846C9A7398 /* Pods_On_The_ClockUITests.framework */; };
		82D4B0D282DADE7D223A8ACE /* Pods_On_The_Clock.framework in Frameworks */ = {isa = PBXBuildFile; fileRef = AFCE74E79988421B9AA0C1FC /* Pods_On_The_Clock.framework */; };
/* End PBXBuildFile section */

/* Begin PBXContainerItemProxy section */
		1ADE36551CFA0AEE00532B46 /* PBXContainerItemProxy */ = {
			isa = PBXContainerItemProxy;
			containerPortal = 1ADE36381CFA0AEE00532B46 /* Project object */;
			proxyType = 1;
			remoteGlobalIDString = 1ADE363F1CFA0AEE00532B46;
			remoteInfo = "On The Clock";
		};
		1ADE36601CFA0AEE00532B46 /* PBXContainerItemProxy */ = {
			isa = PBXContainerItemProxy;
			containerPortal = 1ADE36381CFA0AEE00532B46 /* Project object */;
			proxyType = 1;
			remoteGlobalIDString = 1ADE363F1CFA0AEE00532B46;
			remoteInfo = "On The Clock";
		};
/* End PBXContainerItemProxy section */

/* Begin PBXCopyFilesBuildPhase section */
		1A2A793C1CFCA2C400713C18 /* Embed Frameworks */ = {
			isa = PBXCopyFilesBuildPhase;
			buildActionMask = 2147483647;
			dstPath = "";
			dstSubfolderSpec = 10;
			files = (
			);
			name = "Embed Frameworks";
			runOnlyForDeploymentPostprocessing = 0;
		};
/* End PBXCopyFilesBuildPhase section */

/* Begin PBXFileReference section */
		0541AC2217671D6453BF2C78 /* Pods-On The Clock.release.xcconfig */ = {isa = PBXFileReference; includeInIndex = 1; lastKnownFileType = text.xcconfig; name = "Pods-On The Clock.release.xcconfig"; path = "Pods/Target Support Files/Pods-On The Clock/Pods-On The Clock.release.xcconfig"; sourceTree = "<group>"; };
		0C9D83957D7495B548C7D83D /* Pods-On The ClockUITests.release.xcconfig */ = {isa = PBXFileReference; includeInIndex = 1; lastKnownFileType = text.xcconfig; name = "Pods-On The ClockUITests.release.xcconfig"; path = "Pods/Target Support Files/Pods-On The ClockUITests/Pods-On The ClockUITests.release.xcconfig"; sourceTree = "<group>"; };
		1A2A79471CFCA5FB00713C18 /* HourlyTableView.swift */ = {isa = PBXFileReference; fileEncoding = 4; lastKnownFileType = sourcecode.swift; path = HourlyTableView.swift; sourceTree = "<group>"; };
		1A4FCB001D00D1A2002A9CBC /* JobDataModel.xcdatamodel */ = {isa = PBXFileReference; lastKnownFileType = wrapper.xcdatamodel; path = JobDataModel.xcdatamodel; sourceTree = "<group>"; };
		1AA1F6841CFDDF0D005A1277 /* IntroViewController.swift */ = {isa = PBXFileReference; fileEncoding = 4; lastKnownFileType = sourcecode.swift; name = IntroViewController.swift; path = ../IntroViewController.swift; sourceTree = "<group>"; };
		1AA1F68C1CFDE001005A1277 /* Main.storyboard */ = {isa = PBXFileReference; fileEncoding = 4; lastKnownFileType = file.storyboard; name = Main.storyboard; path = ../Main.storyboard; sourceTree = "<group>"; };
		1AA1F68E1CFDE597005A1277 /* JobModel.swift */ = {isa = PBXFileReference; fileEncoding = 4; lastKnownFileType = sourcecode.swift; path = JobModel.swift; sourceTree = "<group>"; };
		1AA1F6921CFDFB86005A1277 /* JobTableViewCellViewModel.swift */ = {isa = PBXFileReference; fileEncoding = 4; lastKnownFileType = sourcecode.swift; path = JobTableViewCellViewModel.swift; sourceTree = "<group>"; };
		1AA1F6971CFE0D21005A1277 /* JobTableViewCell.xib */ = {isa = PBXFileReference; fileEncoding = 4; lastKnownFileType = file.xib; path = JobTableViewCell.xib; sourceTree = "<group>"; };
		1AA1F69B1CFE140D005A1277 /* JobTableViewCell.swift */ = {isa = PBXFileReference; fileEncoding = 4; lastKnownFileType = sourcecode.swift; path = JobTableViewCell.swift; sourceTree = "<group>"; };
		1ADAD1321CFF553F007DF28C /* AddJobViewController.swift */ = {isa = PBXFileReference; fileEncoding = 4; lastKnownFileType = sourcecode.swift; path = AddJobViewController.swift; sourceTree = "<group>"; };
		1ADE36401CFA0AEE00532B46 /* On The Clock.app */ = {isa = PBXFileReference; explicitFileType = wrapper.application; includeInIndex = 0; path = "On The Clock.app"; sourceTree = BUILT_PRODUCTS_DIR; };
		1ADE36541CFA0AEE00532B46 /* On The ClockTests.xctest */ = {isa = PBXFileReference; explicitFileType = wrapper.cfbundle; includeInIndex = 0; path = "On The ClockTests.xctest"; sourceTree = BUILT_PRODUCTS_DIR; };
		1ADE36581CFA0AEE00532B46 /* On_The_ClockTests.swift */ = {isa = PBXFileReference; lastKnownFileType = sourcecode.swift; path = On_The_ClockTests.swift; sourceTree = "<group>"; };
		1ADE365A1CFA0AEE00532B46 /* Info.plist */ = {isa = PBXFileReference; lastKnownFileType = text.plist.xml; path = Info.plist; sourceTree = "<group>"; };
		1ADE365F1CFA0AEE00532B46 /* On The ClockUITests.xctest */ = {isa = PBXFileReference; explicitFileType = wrapper.cfbundle; includeInIndex = 0; path = "On The ClockUITests.xctest"; sourceTree = BUILT_PRODUCTS_DIR; };
		1ADE36631CFA0AEE00532B46 /* On_The_ClockUITests.swift */ = {isa = PBXFileReference; lastKnownFileType = sourcecode.swift; path = On_The_ClockUITests.swift; sourceTree = "<group>"; };
		1ADE36651CFA0AEE00532B46 /* Info.plist */ = {isa = PBXFileReference; lastKnownFileType = text.plist.xml; path = Info.plist; sourceTree = "<group>"; };
		1ADE36751CFA146100532B46 /* PaymentGeneratorTests.swift */ = {isa = PBXFileReference; fileEncoding = 4; lastKnownFileType = sourcecode.swift; path = PaymentGeneratorTests.swift; sourceTree = "<group>"; };
		1ADE36831CFA169400532B46 /* AppDelegate.swift */ = {isa = PBXFileReference; fileEncoding = 4; lastKnownFileType = sourcecode.swift; path = AppDelegate.swift; sourceTree = "<group>"; };
		1ADE36841CFA169400532B46 /* Assets.xcassets */ = {isa = PBXFileReference; lastKnownFileType = folder.assetcatalog; path = Assets.xcassets; sourceTree = "<group>"; };
		1ADE36861CFA169400532B46 /* Info.plist */ = {isa = PBXFileReference; fileEncoding = 4; lastKnownFileType = text.plist.xml; path = Info.plist; sourceTree = "<group>"; };
		1ADE36871CFA169400532B46 /* PaymentGeneratorModel.swift */ = {isa = PBXFileReference; fileEncoding = 4; lastKnownFileType = sourcecode.swift; path = PaymentGeneratorModel.swift; sourceTree = "<group>"; };
		1ADE368F1CFA243D00532B46 /* StopWatchModel.swift */ = {isa = PBXFileReference; fileEncoding = 4; lastKnownFileType = sourcecode.swift; path = StopWatchModel.swift; sourceTree = "<group>"; };
		1ADE36911CFA26B900532B46 /* StopWatchTests.swift */ = {isa = PBXFileReference; fileEncoding = 4; lastKnownFileType = sourcecode.swift; path = StopWatchTests.swift; sourceTree = "<group>"; };
		1D237D1B1641A59227A0E1C9 /* Pods-On The ClockUITests.debug.xcconfig */ = {isa = PBXFileReference; includeInIndex = 1; lastKnownFileType = text.xcconfig; name = "Pods-On The ClockUITests.debug.xcconfig"; path = "Pods/Target Support Files/Pods-On The ClockUITests/Pods-On The ClockUITests.debug.xcconfig"; sourceTree = "<group>"; };
		5BE850828DBC78846C9A7398 /* Pods_On_The_ClockUITests.framework */ = {isa = PBXFileReference; explicitFileType = wrapper.framework; includeInIndex = 0; path = Pods_On_The_ClockUITests.framework; sourceTree = BUILT_PRODUCTS_DIR; };
		89257C97E91D7E17A5F67C8C /* Pods-On The ClockTests.release.xcconfig */ = {isa = PBXFileReference; includeInIndex = 1; lastKnownFileType = text.xcconfig; name = "Pods-On The ClockTests.release.xcconfig"; path = "Pods/Target Support Files/Pods-On The ClockTests/Pods-On The ClockTests.release.xcconfig"; sourceTree = "<group>"; };
		A183560BDD368EB671840D60 /* Pods-On The Clock.debug.xcconfig */ = {isa = PBXFileReference; includeInIndex = 1; lastKnownFileType = text.xcconfig; name = "Pods-On The Clock.debug.xcconfig"; path = "Pods/Target Support Files/Pods-On The Clock/Pods-On The Clock.debug.xcconfig"; sourceTree = "<group>"; };
		AFCE74E79988421B9AA0C1FC /* Pods_On_The_Clock.framework */ = {isa = PBXFileReference; explicitFileType = wrapper.framework; includeInIndex = 0; path = Pods_On_The_Clock.framework; sourceTree = BUILT_PRODUCTS_DIR; };
		C9AD318657DF9816D29D7C41 /* Pods_On_The_ClockTests.framework */ = {isa = PBXFileReference; explicitFileType = wrapper.framework; includeInIndex = 0; path = Pods_On_The_ClockTests.framework; sourceTree = BUILT_PRODUCTS_DIR; };
		F882FA0E9B4467067EAD8007 /* Pods-On The ClockTests.debug.xcconfig */ = {isa = PBXFileReference; includeInIndex = 1; lastKnownFileType = text.xcconfig; name = "Pods-On The ClockTests.debug.xcconfig"; path = "Pods/Target Support Files/Pods-On The ClockTests/Pods-On The ClockTests.debug.xcconfig"; sourceTree = "<group>"; };
/* End PBXFileReference section */

/* Begin PBXFrameworksBuildPhase section */
		1ADE363D1CFA0AEE00532B46 /* Frameworks */ = {
			isa = PBXFrameworksBuildPhase;
			buildActionMask = 2147483647;
			files = (
				82D4B0D282DADE7D223A8ACE /* Pods_On_The_Clock.framework in Frameworks */,
			);
			runOnlyForDeploymentPostprocessing = 0;
		};
		1ADE36511CFA0AEE00532B46 /* Frameworks */ = {
			isa = PBXFrameworksBuildPhase;
			buildActionMask = 2147483647;
			files = (
				51D352D07C2F190321C940F0 /* Pods_On_The_ClockTests.framework in Frameworks */,
			);
			runOnlyForDeploymentPostprocessing = 0;
		};
		1ADE365C1CFA0AEE00532B46 /* Frameworks */ = {
			isa = PBXFrameworksBuildPhase;
			buildActionMask = 2147483647;
			files = (
				6DB2F10CD2AE25BA4FB88824 /* Pods_On_The_ClockUITests.framework in Frameworks */,
			);
			runOnlyForDeploymentPostprocessing = 0;
		};
/* End PBXFrameworksBuildPhase section */

/* Begin PBXGroup section */
		05886A09A1B1C75796FE5F0C /* Pods */ = {
			isa = PBXGroup;
			children = (
				A183560BDD368EB671840D60 /* Pods-On The Clock.debug.xcconfig */,
				0541AC2217671D6453BF2C78 /* Pods-On The Clock.release.xcconfig */,
				F882FA0E9B4467067EAD8007 /* Pods-On The ClockTests.debug.xcconfig */,
				89257C97E91D7E17A5F67C8C /* Pods-On The ClockTests.release.xcconfig */,
				1D237D1B1641A59227A0E1C9 /* Pods-On The ClockUITests.debug.xcconfig */,
				0C9D83957D7495B548C7D83D /* Pods-On The ClockUITests.release.xcconfig */,
			);
			name = Pods;
			sourceTree = "<group>";
		};
		1A2A79421CFCA38600713C18 /* Models */ = {
			isa = PBXGroup;
			children = (
				1ADE368F1CFA243D00532B46 /* StopWatchModel.swift */,
				1ADE36871CFA169400532B46 /* PaymentGeneratorModel.swift */,
				1AA1F68E1CFDE597005A1277 /* JobModel.swift */,
				1A4FCAFF1D00D1A2002A9CBC /* JobDataModel.xcdatamodeld */,
			);
			name = Models;
			sourceTree = "<group>";
		};
		1A2A79431CFCA38E00713C18 /* Views */ = {
			isa = PBXGroup;
			children = (
				1AA1F6961CFE0A23005A1277 /* View Controllers */,
				1A2A79471CFCA5FB00713C18 /* HourlyTableView.swift */,
				1AA1F69B1CFE140D005A1277 /* JobTableViewCell.swift */,
				1AA1F6971CFE0D21005A1277 /* JobTableViewCell.xib */,
			);
			name = Views;
			sourceTree = "<group>";
		};
		1A2A79441CFCA39A00713C18 /* ViewModels */ = {
			isa = PBXGroup;
			children = (
				1AA1F6921CFDFB86005A1277 /* JobTableViewCellViewModel.swift */,
			);
			name = ViewModels;
			sourceTree = "<group>";
		};
		1AA1F6961CFE0A23005A1277 /* View Controllers */ = {
			isa = PBXGroup;
			children = (
				1AA1F6841CFDDF0D005A1277 /* IntroViewController.swift */,
				1ADAD1321CFF553F007DF28C /* AddJobViewController.swift */,
			);
			name = "View Controllers";
			sourceTree = "<group>";
		};
		1ADE36371CFA0AEE00532B46 = {
			isa = PBXGroup;
			children = (
				1ADE36421CFA0AEE00532B46 /* On The Clock */,
				1ADE36571CFA0AEE00532B46 /* On The ClockTests */,
				1ADE36621CFA0AEE00532B46 /* On The ClockUITests */,
				1ADE36411CFA0AEE00532B46 /* Products */,
				05886A09A1B1C75796FE5F0C /* Pods */,
				944F65BE7ED1EFB4AFFA0C1B /* Frameworks */,
			);
			sourceTree = "<group>";
		};
		1ADE36411CFA0AEE00532B46 /* Products */ = {
			isa = PBXGroup;
			children = (
				1ADE36401CFA0AEE00532B46 /* On The Clock.app */,
				1ADE36541CFA0AEE00532B46 /* On The ClockTests.xctest */,
				1ADE365F1CFA0AEE00532B46 /* On The ClockUITests.xctest */,
			);
			name = Products;
			sourceTree = "<group>";
		};
		1ADE36421CFA0AEE00532B46 /* On The Clock */ = {
			isa = PBXGroup;
			children = (
				1AA1F68C1CFDE001005A1277 /* Main.storyboard */,
				1A2A79441CFCA39A00713C18 /* ViewModels */,
				1A2A79431CFCA38E00713C18 /* Views */,
				1A2A79421CFCA38600713C18 /* Models */,
				1ADE36831CFA169400532B46 /* AppDelegate.swift */,
				1ADE36841CFA169400532B46 /* Assets.xcassets */,
				1ADE36861CFA169400532B46 /* Info.plist */,
			);
			path = "On The Clock";
			sourceTree = "<group>";
		};
		1ADE36571CFA0AEE00532B46 /* On The ClockTests */ = {
			isa = PBXGroup;
			children = (
				1ADE36581CFA0AEE00532B46 /* On_The_ClockTests.swift */,
				1ADE365A1CFA0AEE00532B46 /* Info.plist */,
				1ADE36751CFA146100532B46 /* PaymentGeneratorTests.swift */,
				1ADE36911CFA26B900532B46 /* StopWatchTests.swift */,
			);
			path = "On The ClockTests";
			sourceTree = "<group>";
		};
		1ADE36621CFA0AEE00532B46 /* On The ClockUITests */ = {
			isa = PBXGroup;
			children = (
				1ADE36631CFA0AEE00532B46 /* On_The_ClockUITests.swift */,
				1ADE36651CFA0AEE00532B46 /* Info.plist */,
			);
			path = "On The ClockUITests";
			sourceTree = "<group>";
		};
		944F65BE7ED1EFB4AFFA0C1B /* Frameworks */ = {
			isa = PBXGroup;
			children = (
				AFCE74E79988421B9AA0C1FC /* Pods_On_The_Clock.framework */,
				C9AD318657DF9816D29D7C41 /* Pods_On_The_ClockTests.framework */,
				5BE850828DBC78846C9A7398 /* Pods_On_The_ClockUITests.framework */,
			);
			name = Frameworks;
			sourceTree = "<group>";
		};
/* End PBXGroup section */

/* Begin PBXNativeTarget section */
		1ADE363F1CFA0AEE00532B46 /* On The Clock */ = {
			isa = PBXNativeTarget;
			buildConfigurationList = 1ADE36681CFA0AEE00532B46 /* Build configuration list for PBXNativeTarget "On The Clock" */;
			buildPhases = (
				C60EC99F311C8641BF2F1A3B /* 📦 Check Pods Manifest.lock */,
				1ADE363C1CFA0AEE00532B46 /* Sources */,
				1ADE363D1CFA0AEE00532B46 /* Frameworks */,
				1ADE363E1CFA0AEE00532B46 /* Resources */,
				1A2A793C1CFCA2C400713C18 /* Embed Frameworks */,
				7901A90F5121778B48E6787A /* 📦 Embed Pods Frameworks */,
				BFED792EA9DC01FF9937C69B /* 📦 Copy Pods Resources */,
			);
			buildRules = (
			);
			dependencies = (
			);
			name = "On The Clock";
			productName = "On The Clock";
			productReference = 1ADE36401CFA0AEE00532B46 /* On The Clock.app */;
			productType = "com.apple.product-type.application";
		};
		1ADE36531CFA0AEE00532B46 /* On The ClockTests */ = {
			isa = PBXNativeTarget;
			buildConfigurationList = 1ADE366B1CFA0AEE00532B46 /* Build configuration list for PBXNativeTarget "On The ClockTests" */;
			buildPhases = (
				A2AC28393D545B9186707B49 /* 📦 Check Pods Manifest.lock */,
				1ADE36501CFA0AEE00532B46 /* Sources */,
				1ADE36511CFA0AEE00532B46 /* Frameworks */,
				1ADE36521CFA0AEE00532B46 /* Resources */,
				0D8D0083CB31F811A1E1692A /* 📦 Embed Pods Frameworks */,
				C0AA1D3CF237E78805471289 /* 📦 Copy Pods Resources */,
			);
			buildRules = (
			);
			dependencies = (
				1ADE36561CFA0AEE00532B46 /* PBXTargetDependency */,
			);
			name = "On The ClockTests";
			productName = "On The ClockTests";
			productReference = 1ADE36541CFA0AEE00532B46 /* On The ClockTests.xctest */;
			productType = "com.apple.product-type.bundle.unit-test";
		};
		1ADE365E1CFA0AEE00532B46 /* On The ClockUITests */ = {
			isa = PBXNativeTarget;
			buildConfigurationList = 1ADE366E1CFA0AEE00532B46 /* Build configuration list for PBXNativeTarget "On The ClockUITests" */;
			buildPhases = (
				4E104419A04D8EAA64826262 /* 📦 Check Pods Manifest.lock */,
				1ADE365B1CFA0AEE00532B46 /* Sources */,
				1ADE365C1CFA0AEE00532B46 /* Frameworks */,
				1ADE365D1CFA0AEE00532B46 /* Resources */,
				0B827048895B30F0E03C6200 /* 📦 Copy Pods Resources */,
			);
			buildRules = (
			);
			dependencies = (
				1ADE36611CFA0AEE00532B46 /* PBXTargetDependency */,
			);
			name = "On The ClockUITests";
			productName = "On The ClockUITests";
			productReference = 1ADE365F1CFA0AEE00532B46 /* On The ClockUITests.xctest */;
			productType = "com.apple.product-type.bundle.ui-testing";
		};
/* End PBXNativeTarget section */

/* Begin PBXProject section */
		1ADE36381CFA0AEE00532B46 /* Project object */ = {
			isa = PBXProject;
			attributes = {
				LastSwiftUpdateCheck = 0730;
				LastUpgradeCheck = 0730;
				ORGANIZATIONNAME = "Matt Gioe";
				TargetAttributes = {
					1ADE363F1CFA0AEE00532B46 = {
						CreatedOnToolsVersion = 7.3.1;
					};
					1ADE36531CFA0AEE00532B46 = {
						CreatedOnToolsVersion = 7.3.1;
						TestTargetID = 1ADE363F1CFA0AEE00532B46;
					};
					1ADE365E1CFA0AEE00532B46 = {
						CreatedOnToolsVersion = 7.3.1;
						TestTargetID = 1ADE363F1CFA0AEE00532B46;
					};
				};
			};
			buildConfigurationList = 1ADE363B1CFA0AEE00532B46 /* Build configuration list for PBXProject "On The Clock" */;
			compatibilityVersion = "Xcode 3.2";
			developmentRegion = English;
			hasScannedForEncodings = 0;
			knownRegions = (
				en,
				Base,
			);
			mainGroup = 1ADE36371CFA0AEE00532B46;
			productRefGroup = 1ADE36411CFA0AEE00532B46 /* Products */;
			projectDirPath = "";
			projectRoot = "";
			targets = (
				1ADE363F1CFA0AEE00532B46 /* On The Clock */,
				1ADE36531CFA0AEE00532B46 /* On The ClockTests */,
				1ADE365E1CFA0AEE00532B46 /* On The ClockUITests */,
			);
		};
/* End PBXProject section */

/* Begin PBXResourcesBuildPhase section */
		1ADE363E1CFA0AEE00532B46 /* Resources */ = {
			isa = PBXResourcesBuildPhase;
			buildActionMask = 2147483647;
			files = (
				1ADAD1311CFF385C007DF28C /* Main.storyboard in Resources */,
				1ADE368A1CFA169400532B46 /* Assets.xcassets in Resources */,
				1ADE368C1CFA169400532B46 /* Info.plist in Resources */,
				1AA1F6981CFE0D21005A1277 /* JobTableViewCell.xib in Resources */,
			);
			runOnlyForDeploymentPostprocessing = 0;
		};
		1ADE36521CFA0AEE00532B46 /* Resources */ = {
			isa = PBXResourcesBuildPhase;
			buildActionMask = 2147483647;
			files = (
			);
			runOnlyForDeploymentPostprocessing = 0;
		};
		1ADE365D1CFA0AEE00532B46 /* Resources */ = {
			isa = PBXResourcesBuildPhase;
			buildActionMask = 2147483647;
			files = (
			);
			runOnlyForDeploymentPostprocessing = 0;
		};
/* End PBXResourcesBuildPhase section */

/* Begin PBXShellScriptBuildPhase section */
		0B827048895B30F0E03C6200 /* 📦 Copy Pods Resources */ = {
			isa = PBXShellScriptBuildPhase;
			buildActionMask = 2147483647;
			files = (
			);
			inputPaths = (
			);
			name = "📦 Copy Pods Resources";
			outputPaths = (
			);
			runOnlyForDeploymentPostprocessing = 0;
			shellPath = /bin/sh;
			shellScript = "\"${SRCROOT}/Pods/Target Support Files/Pods-On The ClockUITests/Pods-On The ClockUITests-resources.sh\"\n";
			showEnvVarsInLog = 0;
		};
		0D8D0083CB31F811A1E1692A /* 📦 Embed Pods Frameworks */ = {
			isa = PBXShellScriptBuildPhase;
			buildActionMask = 2147483647;
			files = (
			);
			inputPaths = (
			);
			name = "📦 Embed Pods Frameworks";
			outputPaths = (
			);
			runOnlyForDeploymentPostprocessing = 0;
			shellPath = /bin/sh;
			shellScript = "\"${SRCROOT}/Pods/Target Support Files/Pods-On The ClockTests/Pods-On The ClockTests-frameworks.sh\"\n";
			showEnvVarsInLog = 0;
		};
		4E104419A04D8EAA64826262 /* 📦 Check Pods Manifest.lock */ = {
			isa = PBXShellScriptBuildPhase;
			buildActionMask = 2147483647;
			files = (
			);
			inputPaths = (
			);
			name = "📦 Check Pods Manifest.lock";
			outputPaths = (
			);
			runOnlyForDeploymentPostprocessing = 0;
			shellPath = /bin/sh;
			shellScript = "diff \"${PODS_ROOT}/../Podfile.lock\" \"${PODS_ROOT}/Manifest.lock\" > /dev/null\nif [[ $? != 0 ]] ; then\n    cat << EOM\nerror: The sandbox is not in sync with the Podfile.lock. Run 'pod install' or update your CocoaPods installation.\nEOM\n    exit 1\nfi\n";
			showEnvVarsInLog = 0;
		};
		7901A90F5121778B48E6787A /* 📦 Embed Pods Frameworks */ = {
			isa = PBXShellScriptBuildPhase;
			buildActionMask = 2147483647;
			files = (
			);
			inputPaths = (
			);
			name = "📦 Embed Pods Frameworks";
			outputPaths = (
			);
			runOnlyForDeploymentPostprocessing = 0;
			shellPath = /bin/sh;
			shellScript = "\"${SRCROOT}/Pods/Target Support Files/Pods-On The Clock/Pods-On The Clock-frameworks.sh\"\n";
			showEnvVarsInLog = 0;
		};
		A2AC28393D545B9186707B49 /* 📦 Check Pods Manifest.lock */ = {
			isa = PBXShellScriptBuildPhase;
			buildActionMask = 2147483647;
			files = (
			);
			inputPaths = (
			);
			name = "📦 Check Pods Manifest.lock";
			outputPaths = (
			);
			runOnlyForDeploymentPostprocessing = 0;
			shellPath = /bin/sh;
			shellScript = "diff \"${PODS_ROOT}/../Podfile.lock\" \"${PODS_ROOT}/Manifest.lock\" > /dev/null\nif [[ $? != 0 ]] ; then\n    cat << EOM\nerror: The sandbox is not in sync with the Podfile.lock. Run 'pod install' or update your CocoaPods installation.\nEOM\n    exit 1\nfi\n";
			showEnvVarsInLog = 0;
		};
		BFED792EA9DC01FF9937C69B /* 📦 Copy Pods Resources */ = {
			isa = PBXShellScriptBuildPhase;
			buildActionMask = 2147483647;
			files = (
			);
			inputPaths = (
			);
			name = "📦 Copy Pods Resources";
			outputPaths = (
			);
			runOnlyForDeploymentPostprocessing = 0;
			shellPath = /bin/sh;
			shellScript = "\"${SRCROOT}/Pods/Target Support Files/Pods-On The Clock/Pods-On The Clock-resources.sh\"\n";
			showEnvVarsInLog = 0;
		};
		C0AA1D3CF237E78805471289 /* 📦 Copy Pods Resources */ = {
			isa = PBXShellScriptBuildPhase;
			buildActionMask = 2147483647;
			files = (
			);
			inputPaths = (
			);
			name = "📦 Copy Pods Resources";
			outputPaths = (
			);
			runOnlyForDeploymentPostprocessing = 0;
			shellPath = /bin/sh;
			shellScript = "\"${SRCROOT}/Pods/Target Support Files/Pods-On The ClockTests/Pods-On The ClockTests-resources.sh\"\n";
			showEnvVarsInLog = 0;
		};
		C60EC99F311C8641BF2F1A3B /* 📦 Check Pods Manifest.lock */ = {
			isa = PBXShellScriptBuildPhase;
			buildActionMask = 2147483647;
			files = (
			);
			inputPaths = (
			);
			name = "📦 Check Pods Manifest.lock";
			outputPaths = (
			);
			runOnlyForDeploymentPostprocessing = 0;
			shellPath = /bin/sh;
			shellScript = "diff \"${PODS_ROOT}/../Podfile.lock\" \"${PODS_ROOT}/Manifest.lock\" > /dev/null\nif [[ $? != 0 ]] ; then\n    cat << EOM\nerror: The sandbox is not in sync with the Podfile.lock. Run 'pod install' or update your CocoaPods installation.\nEOM\n    exit 1\nfi\n";
			showEnvVarsInLog = 0;
		};
/* End PBXShellScriptBuildPhase section */

/* Begin PBXSourcesBuildPhase section */
		1ADE363C1CFA0AEE00532B46 /* Sources */ = {
			isa = PBXSourcesBuildPhase;
			buildActionMask = 2147483647;
			files = (
				1ADE368D1CFA169400532B46 /* PaymentGeneratorModel.swift in Sources */,
				1ADAD1331CFF553F007DF28C /* AddJobViewController.swift in Sources */,
				1ADE36891CFA169400532B46 /* AppDelegate.swift in Sources */,
				1AA1F6931CFDFB86005A1277 /* JobTableViewCellViewModel.swift in Sources */,
				1ADE36901CFA243D00532B46 /* StopWatchModel.swift in Sources */,
				1A4FCB011D00D1A2002A9CBC /* JobDataModel.xcdatamodeld in Sources */,
				1A2A79481CFCA5FB00713C18 /* HourlyTableView.swift in Sources */,
				1AA1F69C1CFE140D005A1277 /* JobTableViewCell.swift in Sources */,
				1AA1F68F1CFDE597005A1277 /* JobModel.swift in Sources */,
				1AA1F6851CFDDF0D005A1277 /* IntroViewController.swift in Sources */,
			);
			runOnlyForDeploymentPostprocessing = 0;
		};
		1ADE36501CFA0AEE00532B46 /* Sources */ = {
			isa = PBXSourcesBuildPhase;
			buildActionMask = 2147483647;
			files = (
				1ADE36761CFA146100532B46 /* PaymentGeneratorTests.swift in Sources */,
				1ADE36921CFA26B900532B46 /* StopWatchTests.swift in Sources */,
				1ADE36591CFA0AEE00532B46 /* On_The_ClockTests.swift in Sources */,
			);
			runOnlyForDeploymentPostprocessing = 0;
		};
		1ADE365B1CFA0AEE00532B46 /* Sources */ = {
			isa = PBXSourcesBuildPhase;
			buildActionMask = 2147483647;
			files = (
				1ADE36641CFA0AEE00532B46 /* On_The_ClockUITests.swift in Sources */,
			);
			runOnlyForDeploymentPostprocessing = 0;
		};
/* End PBXSourcesBuildPhase section */

/* Begin PBXTargetDependency section */
		1ADE36561CFA0AEE00532B46 /* PBXTargetDependency */ = {
			isa = PBXTargetDependency;
			target = 1ADE363F1CFA0AEE00532B46 /* On The Clock */;
			targetProxy = 1ADE36551CFA0AEE00532B46 /* PBXContainerItemProxy */;
		};
		1ADE36611CFA0AEE00532B46 /* PBXTargetDependency */ = {
			isa = PBXTargetDependency;
			target = 1ADE363F1CFA0AEE00532B46 /* On The Clock */;
			targetProxy = 1ADE36601CFA0AEE00532B46 /* PBXContainerItemProxy */;
		};
/* End PBXTargetDependency section */

/* Begin XCBuildConfiguration section */
		1ADE36661CFA0AEE00532B46 /* Debug */ = {
			isa = XCBuildConfiguration;
			buildSettings = {
				ALWAYS_SEARCH_USER_PATHS = NO;
				CLANG_ANALYZER_NONNULL = YES;
				CLANG_CXX_LANGUAGE_STANDARD = "gnu++0x";
				CLANG_CXX_LIBRARY = "libc++";
				CLANG_ENABLE_MODULES = YES;
				CLANG_ENABLE_OBJC_ARC = YES;
				CLANG_WARN_BOOL_CONVERSION = YES;
				CLANG_WARN_CONSTANT_CONVERSION = YES;
				CLANG_WARN_DIRECT_OBJC_ISA_USAGE = YES_ERROR;
				CLANG_WARN_EMPTY_BODY = YES;
				CLANG_WARN_ENUM_CONVERSION = YES;
				CLANG_WARN_INT_CONVERSION = YES;
				CLANG_WARN_OBJC_ROOT_CLASS = YES_ERROR;
				CLANG_WARN_UNREACHABLE_CODE = YES;
				CLANG_WARN__DUPLICATE_METHOD_MATCH = YES;
				"CODE_SIGN_IDENTITY[sdk=iphoneos*]" = "iPhone Developer";
				COPY_PHASE_STRIP = NO;
				DEBUG_INFORMATION_FORMAT = dwarf;
				ENABLE_STRICT_OBJC_MSGSEND = YES;
				ENABLE_TESTABILITY = YES;
				GCC_C_LANGUAGE_STANDARD = gnu99;
				GCC_DYNAMIC_NO_PIC = NO;
				GCC_NO_COMMON_BLOCKS = YES;
				GCC_OPTIMIZATION_LEVEL = 0;
				GCC_PREPROCESSOR_DEFINITIONS = (
					"DEBUG=1",
					"$(inherited)",
				);
				GCC_WARN_64_TO_32_BIT_CONVERSION = YES;
				GCC_WARN_ABOUT_RETURN_TYPE = YES_ERROR;
				GCC_WARN_UNDECLARED_SELECTOR = YES;
				GCC_WARN_UNINITIALIZED_AUTOS = YES_AGGRESSIVE;
				GCC_WARN_UNUSED_FUNCTION = YES;
				GCC_WARN_UNUSED_VARIABLE = YES;
				IPHONEOS_DEPLOYMENT_TARGET = 9.3;
				MTL_ENABLE_DEBUG_INFO = YES;
				ONLY_ACTIVE_ARCH = YES;
				SDKROOT = iphoneos;
				SWIFT_OPTIMIZATION_LEVEL = "-Onone";
				TARGETED_DEVICE_FAMILY = "1,2";
			};
			name = Debug;
		};
		1ADE36671CFA0AEE00532B46 /* Release */ = {
			isa = XCBuildConfiguration;
			buildSettings = {
				ALWAYS_SEARCH_USER_PATHS = NO;
				CLANG_ANALYZER_NONNULL = YES;
				CLANG_CXX_LANGUAGE_STANDARD = "gnu++0x";
				CLANG_CXX_LIBRARY = "libc++";
				CLANG_ENABLE_MODULES = YES;
				CLANG_ENABLE_OBJC_ARC = YES;
				CLANG_WARN_BOOL_CONVERSION = YES;
				CLANG_WARN_CONSTANT_CONVERSION = YES;
				CLANG_WARN_DIRECT_OBJC_ISA_USAGE = YES_ERROR;
				CLANG_WARN_EMPTY_BODY = YES;
				CLANG_WARN_ENUM_CONVERSION = YES;
				CLANG_WARN_INT_CONVERSION = YES;
				CLANG_WARN_OBJC_ROOT_CLASS = YES_ERROR;
				CLANG_WARN_UNREACHABLE_CODE = YES;
				CLANG_WARN__DUPLICATE_METHOD_MATCH = YES;
				"CODE_SIGN_IDENTITY[sdk=iphoneos*]" = "iPhone Developer";
				COPY_PHASE_STRIP = NO;
				DEBUG_INFORMATION_FORMAT = "dwarf-with-dsym";
				ENABLE_NS_ASSERTIONS = NO;
				ENABLE_STRICT_OBJC_MSGSEND = YES;
				GCC_C_LANGUAGE_STANDARD = gnu99;
				GCC_NO_COMMON_BLOCKS = YES;
				GCC_WARN_64_TO_32_BIT_CONVERSION = YES;
				GCC_WARN_ABOUT_RETURN_TYPE = YES_ERROR;
				GCC_WARN_UNDECLARED_SELECTOR = YES;
				GCC_WARN_UNINITIALIZED_AUTOS = YES_AGGRESSIVE;
				GCC_WARN_UNUSED_FUNCTION = YES;
				GCC_WARN_UNUSED_VARIABLE = YES;
				IPHONEOS_DEPLOYMENT_TARGET = 9.3;
				MTL_ENABLE_DEBUG_INFO = NO;
				SDKROOT = iphoneos;
				TARGETED_DEVICE_FAMILY = "1,2";
				VALIDATE_PRODUCT = YES;
			};
			name = Release;
		};
		1ADE36691CFA0AEE00532B46 /* Debug */ = {
			isa = XCBuildConfiguration;
			baseConfigurationReference = A183560BDD368EB671840D60 /* Pods-On The Clock.debug.xcconfig */;
			buildSettings = {
				ASSETCATALOG_COMPILER_APPICON_NAME = AppIcon;
				CLANG_ENABLE_MODULES = YES;
				EMBEDDED_CONTENT_CONTAINS_SWIFT = YES;
				INFOPLIST_FILE = "On The Clock/Info.plist";
				LD_RUNPATH_SEARCH_PATHS = "$(inherited) @executable_path/Frameworks";
				PRODUCT_BUNDLE_IDENTIFIER = "MWG.On-The-Clock";
				PRODUCT_MODULE_NAME = OnTheClock;
				PRODUCT_NAME = "$(TARGET_NAME)";
				SWIFT_OPTIMIZATION_LEVEL = "-Onone";
			};
			name = Debug;
		};
		1ADE366A1CFA0AEE00532B46 /* Release */ = {
			isa = XCBuildConfiguration;
			baseConfigurationReference = 0541AC2217671D6453BF2C78 /* Pods-On The Clock.release.xcconfig */;
			buildSettings = {
				ASSETCATALOG_COMPILER_APPICON_NAME = AppIcon;
				CLANG_ENABLE_MODULES = YES;
				EMBEDDED_CONTENT_CONTAINS_SWIFT = YES;
				INFOPLIST_FILE = "On The Clock/Info.plist";
				LD_RUNPATH_SEARCH_PATHS = "$(inherited) @executable_path/Frameworks";
				PRODUCT_BUNDLE_IDENTIFIER = "MWG.On-The-Clock";
				PRODUCT_MODULE_NAME = OnTheClock;
				PRODUCT_NAME = "$(TARGET_NAME)";
			};
			name = Release;
		};
		1ADE366C1CFA0AEE00532B46 /* Debug */ = {
			isa = XCBuildConfiguration;
			baseConfigurationReference = F882FA0E9B4467067EAD8007 /* Pods-On The ClockTests.debug.xcconfig */;
			buildSettings = {
				BUNDLE_LOADER = "$(TEST_HOST)";
				INFOPLIST_FILE = "On The ClockTests/Info.plist";
				LD_RUNPATH_SEARCH_PATHS = "$(inherited) @executable_path/Frameworks @loader_path/Frameworks";
				PRODUCT_BUNDLE_IDENTIFIER = "MWG.On-The-ClockTests";
				PRODUCT_NAME = "$(TARGET_NAME)";
				TEST_HOST = "$(BUILT_PRODUCTS_DIR)/On The Clock.app/On The Clock";
			};
			name = Debug;
		};
		1ADE366D1CFA0AEE00532B46 /* Release */ = {
			isa = XCBuildConfiguration;
			baseConfigurationReference = 89257C97E91D7E17A5F67C8C /* Pods-On The ClockTests.release.xcconfig */;
			buildSettings = {
				BUNDLE_LOADER = "$(TEST_HOST)";
				INFOPLIST_FILE = "On The ClockTests/Info.plist";
				LD_RUNPATH_SEARCH_PATHS = "$(inherited) @executable_path/Frameworks @loader_path/Frameworks";
				PRODUCT_BUNDLE_IDENTIFIER = "MWG.On-The-ClockTests";
				PRODUCT_NAME = "$(TARGET_NAME)";
				TEST_HOST = "$(BUILT_PRODUCTS_DIR)/On The Clock.app/On The Clock";
			};
			name = Release;
		};
		1ADE366F1CFA0AEE00532B46 /* Debug */ = {
			isa = XCBuildConfiguration;
			baseConfigurationReference = 1D237D1B1641A59227A0E1C9 /* Pods-On The ClockUITests.debug.xcconfig */;
			buildSettings = {
				INFOPLIST_FILE = "On The ClockUITests/Info.plist";
				LD_RUNPATH_SEARCH_PATHS = "$(inherited) @executable_path/Frameworks @loader_path/Frameworks";
				PRODUCT_BUNDLE_IDENTIFIER = "MWG.On-The-ClockUITests";
				PRODUCT_NAME = "$(TARGET_NAME)";
				TEST_TARGET_NAME = "On The Clock";
			};
			name = Debug;
		};
		1ADE36701CFA0AEE00532B46 /* Release */ = {
			isa = XCBuildConfiguration;
			baseConfigurationReference = 0C9D83957D7495B548C7D83D /* Pods-On The ClockUITests.release.xcconfig */;
			buildSettings = {
				INFOPLIST_FILE = "On The ClockUITests/Info.plist";
				LD_RUNPATH_SEARCH_PATHS = "$(inherited) @executable_path/Frameworks @loader_path/Frameworks";
				PRODUCT_BUNDLE_IDENTIFIER = "MWG.On-The-ClockUITests";
				PRODUCT_NAME = "$(TARGET_NAME)";
				TEST_TARGET_NAME = "On The Clock";
			};
			name = Release;
		};
/* End XCBuildConfiguration section */

/* Begin XCConfigurationList section */
		1ADE363B1CFA0AEE00532B46 /* Build configuration list for PBXProject "On The Clock" */ = {
			isa = XCConfigurationList;
			buildConfigurations = (
				1ADE36661CFA0AEE00532B46 /* Debug */,
				1ADE36671CFA0AEE00532B46 /* Release */,
			);
			defaultConfigurationIsVisible = 0;
			defaultConfigurationName = Release;
		};
		1ADE36681CFA0AEE00532B46 /* Build configuration list for PBXNativeTarget "On The Clock" */ = {
			isa = XCConfigurationList;
			buildConfigurations = (
				1ADE36691CFA0AEE00532B46 /* Debug */,
				1ADE366A1CFA0AEE00532B46 /* Release */,
			);
			defaultConfigurationIsVisible = 0;
			defaultConfigurationName = Release;
		};
		1ADE366B1CFA0AEE00532B46 /* Build configuration list for PBXNativeTarget "On The ClockTests" */ = {
			isa = XCConfigurationList;
			buildConfigurations = (
				1ADE366C1CFA0AEE00532B46 /* Debug */,
				1ADE366D1CFA0AEE00532B46 /* Release */,
			);
			defaultConfigurationIsVisible = 0;
			defaultConfigurationName = Release;
		};
		1ADE366E1CFA0AEE00532B46 /* Build configuration list for PBXNativeTarget "On The ClockUITests" */ = {
			isa = XCConfigurationList;
			buildConfigurations = (
				1ADE366F1CFA0AEE00532B46 /* Debug */,
				1ADE36701CFA0AEE00532B46 /* Release */,
			);
			defaultConfigurationIsVisible = 0;
			defaultConfigurationName = Release;
		};
/* End XCConfigurationList section */

/* Begin XCVersionGroup section */
		1A4FCAFF1D00D1A2002A9CBC /* JobDataModel.xcdatamodeld */ = {
			isa = XCVersionGroup;
			children = (
				1A4FCB001D00D1A2002A9CBC /* JobDataModel.xcdatamodel */,
			);
			currentVersion = 1A4FCB001D00D1A2002A9CBC /* JobDataModel.xcdatamodel */;
			path = JobDataModel.xcdatamodeld;
			sourceTree = "<group>";
			versionGroupType = wrapper.xcdatamodel;
		};
/* End XCVersionGroup section */
	};
	rootObject = 1ADE36381CFA0AEE00532B46 /* Project object */;
}
